// !$*UTF8*$!
{
	archiveVersion = 1;
	classes = {
	};
	objectVersion = 56;
	objects = {

/* Begin PBXBuildFile section */
		88B78F782A8C069C00FD0594 /* Background.swift in Sources */ = {isa = PBXBuildFile; fileRef = 88B78F772A8C069C00FD0594 /* Background.swift */; };
		88F9504A2A8BD7D100CFB65E /* RealityKitContent in Frameworks */ = {isa = PBXBuildFile; productRef = 88F950492A8BD7D100CFB65E /* RealityKitContent */; };
		88F9504C2A8BD7D100CFB65E /* SolarSystemApp.swift in Sources */ = {isa = PBXBuildFile; fileRef = 88F9504B2A8BD7D100CFB65E /* SolarSystemApp.swift */; };
		88F9504E2A8BD7D100CFB65E /* ContentView.swift in Sources */ = {isa = PBXBuildFile; fileRef = 88F9504D2A8BD7D100CFB65E /* ContentView.swift */; };
		88F950502A8BD7D400CFB65E /* Assets.xcassets in Resources */ = {isa = PBXBuildFile; fileRef = 88F9504F2A8BD7D400CFB65E /* Assets.xcassets */; };
		88F950532A8BD7D400CFB65E /* Preview Assets.xcassets in Resources */ = {isa = PBXBuildFile; fileRef = 88F950522A8BD7D400CFB65E /* Preview Assets.xcassets */; };
		88F9505D2A8BD7D400CFB65E /* SolarSystemTests.swift in Sources */ = {isa = PBXBuildFile; fileRef = 88F9505C2A8BD7D400CFB65E /* SolarSystemTests.swift */; };
		88F950672A8BD7DF00CFB65E /* Planet.swift in Sources */ = {isa = PBXBuildFile; fileRef = 88F950662A8BD7DF00CFB65E /* Planet.swift */; };
/* End PBXBuildFile section */

/* Begin PBXContainerItemProxy section */
		88F950592A8BD7D400CFB65E /* PBXContainerItemProxy */ = {
			isa = PBXContainerItemProxy;
			containerPortal = 88F9503C2A8BD7D100CFB65E /* Project object */;
			proxyType = 1;
			remoteGlobalIDString = 88F950432A8BD7D100CFB65E;
			remoteInfo = SolarSystem;
		};
/* End PBXContainerItemProxy section */

/* Begin PBXFileReference section */
		88B78F772A8C069C00FD0594 /* Background.swift */ = {isa = PBXFileReference; lastKnownFileType = sourcecode.swift; path = Background.swift; sourceTree = "<group>"; };
		88F950442A8BD7D100CFB65E /* SolarSystem.app */ = {isa = PBXFileReference; explicitFileType = wrapper.application; includeInIndex = 0; path = SolarSystem.app; sourceTree = BUILT_PRODUCTS_DIR; };
		88F950482A8BD7D100CFB65E /* RealityKitContent */ = {isa = PBXFileReference; lastKnownFileType = wrapper; path = RealityKitContent; sourceTree = "<group>"; };
		88F9504B2A8BD7D100CFB65E /* SolarSystemApp.swift */ = {isa = PBXFileReference; lastKnownFileType = sourcecode.swift; path = SolarSystemApp.swift; sourceTree = "<group>"; };
		88F9504D2A8BD7D100CFB65E /* ContentView.swift */ = {isa = PBXFileReference; lastKnownFileType = sourcecode.swift; path = ContentView.swift; sourceTree = "<group>"; };
		88F9504F2A8BD7D400CFB65E /* Assets.xcassets */ = {isa = PBXFileReference; lastKnownFileType = folder.assetcatalog; path = Assets.xcassets; sourceTree = "<group>"; };
		88F950522A8BD7D400CFB65E /* Preview Assets.xcassets */ = {isa = PBXFileReference; lastKnownFileType = folder.assetcatalog; path = "Preview Assets.xcassets"; sourceTree = "<group>"; };
		88F950582A8BD7D400CFB65E /* SolarSystemTests.xctest */ = {isa = PBXFileReference; explicitFileType = wrapper.cfbundle; includeInIndex = 0; path = SolarSystemTests.xctest; sourceTree = BUILT_PRODUCTS_DIR; };
		88F9505C2A8BD7D400CFB65E /* SolarSystemTests.swift */ = {isa = PBXFileReference; lastKnownFileType = sourcecode.swift; path = SolarSystemTests.swift; sourceTree = "<group>"; };
		88F950662A8BD7DF00CFB65E /* Planet.swift */ = {isa = PBXFileReference; lastKnownFileType = sourcecode.swift; path = Planet.swift; sourceTree = "<group>"; };
/* End PBXFileReference section */

/* Begin PBXFrameworksBuildPhase section */
		88F950412A8BD7D100CFB65E /* Frameworks */ = {
			isa = PBXFrameworksBuildPhase;
			buildActionMask = 2147483647;
			files = (
				88F9504A2A8BD7D100CFB65E /* RealityKitContent in Frameworks */,
			);
			runOnlyForDeploymentPostprocessing = 0;
		};
		88F950552A8BD7D400CFB65E /* Frameworks */ = {
			isa = PBXFrameworksBuildPhase;
			buildActionMask = 2147483647;
			files = (
			);
			runOnlyForDeploymentPostprocessing = 0;
		};
/* End PBXFrameworksBuildPhase section */

/* Begin PBXGroup section */
		88F9503B2A8BD7D100CFB65E = {
			isa = PBXGroup;
			children = (
				88F950462A8BD7D100CFB65E /* SolarSystem */,
				88F950472A8BD7D100CFB65E /* Packages */,
				88F9505B2A8BD7D400CFB65E /* SolarSystemTests */,
				88F950452A8BD7D100CFB65E /* Products */,
			);
			sourceTree = "<group>";
		};
		88F950452A8BD7D100CFB65E /* Products */ = {
			isa = PBXGroup;
			children = (
				88F950442A8BD7D100CFB65E /* SolarSystem.app */,
				88F950582A8BD7D400CFB65E /* SolarSystemTests.xctest */,
			);
			name = Products;
			sourceTree = "<group>";
		};
		88F950462A8BD7D100CFB65E /* SolarSystem */ = {
			isa = PBXGroup;
			children = (
				88F9504B2A8BD7D100CFB65E /* SolarSystemApp.swift */,
				88F9504D2A8BD7D100CFB65E /* ContentView.swift */,
				88F950662A8BD7DF00CFB65E /* Planet.swift */,
				88B78F772A8C069C00FD0594 /* Background.swift */,
				88F9504F2A8BD7D400CFB65E /* Assets.xcassets */,
				88F950512A8BD7D400CFB65E /* Preview Content */,
			);
			path = SolarSystem;
			sourceTree = "<group>";
		};
		88F950472A8BD7D100CFB65E /* Packages */ = {
			isa = PBXGroup;
			children = (
				88F950482A8BD7D100CFB65E /* RealityKitContent */,
			);
			path = Packages;
			sourceTree = "<group>";
		};
		88F950512A8BD7D400CFB65E /* Preview Content */ = {
			isa = PBXGroup;
			children = (
				88F950522A8BD7D400CFB65E /* Preview Assets.xcassets */,
			);
			path = "Preview Content";
			sourceTree = "<group>";
		};
		88F9505B2A8BD7D400CFB65E /* SolarSystemTests */ = {
			isa = PBXGroup;
			children = (
				88F9505C2A8BD7D400CFB65E /* SolarSystemTests.swift */,
			);
			path = SolarSystemTests;
			sourceTree = "<group>";
		};
/* End PBXGroup section */

/* Begin PBXNativeTarget section */
		88F950432A8BD7D100CFB65E /* SolarSystem */ = {
			isa = PBXNativeTarget;
			buildConfigurationList = 88F950602A8BD7D400CFB65E /* Build configuration list for PBXNativeTarget "SolarSystem" */;
			buildPhases = (
				88F950402A8BD7D100CFB65E /* Sources */,
				88F950412A8BD7D100CFB65E /* Frameworks */,
				88F950422A8BD7D100CFB65E /* Resources */,
			);
			buildRules = (
			);
			dependencies = (
			);
			name = SolarSystem;
			packageProductDependencies = (
				88F950492A8BD7D100CFB65E /* RealityKitContent */,
			);
			productName = SolarSystem;
			productReference = 88F950442A8BD7D100CFB65E /* SolarSystem.app */;
			productType = "com.apple.product-type.application";
		};
		88F950572A8BD7D400CFB65E /* SolarSystemTests */ = {
			isa = PBXNativeTarget;
			buildConfigurationList = 88F950632A8BD7D400CFB65E /* Build configuration list for PBXNativeTarget "SolarSystemTests" */;
			buildPhases = (
				88F950542A8BD7D400CFB65E /* Sources */,
				88F950552A8BD7D400CFB65E /* Frameworks */,
				88F950562A8BD7D400CFB65E /* Resources */,
			);
			buildRules = (
			);
			dependencies = (
				88F9505A2A8BD7D400CFB65E /* PBXTargetDependency */,
			);
			name = SolarSystemTests;
			productName = SolarSystemTests;
			productReference = 88F950582A8BD7D400CFB65E /* SolarSystemTests.xctest */;
			productType = "com.apple.product-type.bundle.unit-test";
		};
/* End PBXNativeTarget section */

/* Begin PBXProject section */
		88F9503C2A8BD7D100CFB65E /* Project object */ = {
			isa = PBXProject;
			attributes = {
				BuildIndependentTargetsInParallel = 1;
				LastSwiftUpdateCheck = 1500;
				LastUpgradeCheck = 1500;
				TargetAttributes = {
					88F950432A8BD7D100CFB65E = {
						CreatedOnToolsVersion = 15.0;
					};
					88F950572A8BD7D400CFB65E = {
						CreatedOnToolsVersion = 15.0;
						TestTargetID = 88F950432A8BD7D100CFB65E;
					};
				};
			};
			buildConfigurationList = 88F9503F2A8BD7D100CFB65E /* Build configuration list for PBXProject "SolarSystem" */;
			compatibilityVersion = "Xcode 14.0";
			developmentRegion = en;
			hasScannedForEncodings = 0;
			knownRegions = (
				en,
				Base,
			);
			mainGroup = 88F9503B2A8BD7D100CFB65E;
			productRefGroup = 88F950452A8BD7D100CFB65E /* Products */;
			projectDirPath = "";
			projectRoot = "";
			targets = (
				88F950432A8BD7D100CFB65E /* SolarSystem */,
				88F950572A8BD7D400CFB65E /* SolarSystemTests */,
			);
		};
/* End PBXProject section */

/* Begin PBXResourcesBuildPhase section */
		88F950422A8BD7D100CFB65E /* Resources */ = {
			isa = PBXResourcesBuildPhase;
			buildActionMask = 2147483647;
			files = (
				88F950532A8BD7D400CFB65E /* Preview Assets.xcassets in Resources */,
				88F950502A8BD7D400CFB65E /* Assets.xcassets in Resources */,
			);
			runOnlyForDeploymentPostprocessing = 0;
		};
		88F950562A8BD7D400CFB65E /* Resources */ = {
			isa = PBXResourcesBuildPhase;
			buildActionMask = 2147483647;
			files = (
			);
			runOnlyForDeploymentPostprocessing = 0;
		};
/* End PBXResourcesBuildPhase section */

/* Begin PBXSourcesBuildPhase section */
		88F950402A8BD7D100CFB65E /* Sources */ = {
			isa = PBXSourcesBuildPhase;
			buildActionMask = 2147483647;
			files = (
				88F950672A8BD7DF00CFB65E /* Planet.swift in Sources */,
				88F9504E2A8BD7D100CFB65E /* ContentView.swift in Sources */,
				88F9504C2A8BD7D100CFB65E /* SolarSystemApp.swift in Sources */,
				88B78F782A8C069C00FD0594 /* Background.swift in Sources */,
			);
			runOnlyForDeploymentPostprocessing = 0;
		};
		88F950542A8BD7D400CFB65E /* Sources */ = {
			isa = PBXSourcesBuildPhase;
			buildActionMask = 2147483647;
			files = (
				88F9505D2A8BD7D400CFB65E /* SolarSystemTests.swift in Sources */,
			);
			runOnlyForDeploymentPostprocessing = 0;
		};
/* End PBXSourcesBuildPhase section */

/* Begin PBXTargetDependency section */
		88F9505A2A8BD7D400CFB65E /* PBXTargetDependency */ = {
			isa = PBXTargetDependency;
			target = 88F950432A8BD7D100CFB65E /* SolarSystem */;
			targetProxy = 88F950592A8BD7D400CFB65E /* PBXContainerItemProxy */;
		};
/* End PBXTargetDependency section */

/* Begin XCBuildConfiguration section */
		88F9505E2A8BD7D400CFB65E /* Debug */ = {
			isa = XCBuildConfiguration;
			buildSettings = {
				ALWAYS_SEARCH_USER_PATHS = NO;
				ASSETCATALOG_COMPILER_GENERATE_SWIFT_ASSET_SYMBOL_EXTENSIONS = YES;
				CLANG_ANALYZER_NONNULL = YES;
				CLANG_ANALYZER_NUMBER_OBJECT_CONVERSION = YES_AGGRESSIVE;
				CLANG_CXX_LANGUAGE_STANDARD = "gnu++20";
				CLANG_ENABLE_MODULES = YES;
				CLANG_ENABLE_OBJC_ARC = YES;
				CLANG_ENABLE_OBJC_WEAK = YES;
				CLANG_WARN_BLOCK_CAPTURE_AUTORELEASING = YES;
				CLANG_WARN_BOOL_CONVERSION = YES;
				CLANG_WARN_COMMA = YES;
				CLANG_WARN_CONSTANT_CONVERSION = YES;
				CLANG_WARN_DEPRECATED_OBJC_IMPLEMENTATIONS = YES;
				CLANG_WARN_DIRECT_OBJC_ISA_USAGE = YES_ERROR;
				CLANG_WARN_DOCUMENTATION_COMMENTS = YES;
				CLANG_WARN_EMPTY_BODY = YES;
				CLANG_WARN_ENUM_CONVERSION = YES;
				CLANG_WARN_INFINITE_RECURSION = YES;
				CLANG_WARN_INT_CONVERSION = YES;
				CLANG_WARN_NON_LITERAL_NULL_CONVERSION = YES;
				CLANG_WARN_OBJC_IMPLICIT_RETAIN_SELF = YES;
				CLANG_WARN_OBJC_LITERAL_CONVERSION = YES;
				CLANG_WARN_OBJC_ROOT_CLASS = YES_ERROR;
				CLANG_WARN_QUOTED_INCLUDE_IN_FRAMEWORK_HEADER = YES;
				CLANG_WARN_RANGE_LOOP_ANALYSIS = YES;
				CLANG_WARN_STRICT_PROTOTYPES = YES;
				CLANG_WARN_SUSPICIOUS_MOVE = YES;
				CLANG_WARN_UNGUARDED_AVAILABILITY = YES_AGGRESSIVE;
				CLANG_WARN_UNREACHABLE_CODE = YES;
				CLANG_WARN__DUPLICATE_METHOD_MATCH = YES;
				COPY_PHASE_STRIP = NO;
				DEBUG_INFORMATION_FORMAT = dwarf;
				ENABLE_STRICT_OBJC_MSGSEND = YES;
				ENABLE_TESTABILITY = YES;
				ENABLE_USER_SCRIPT_SANDBOXING = YES;
				GCC_C_LANGUAGE_STANDARD = gnu17;
				GCC_DYNAMIC_NO_PIC = NO;
				GCC_NO_COMMON_BLOCKS = YES;
				GCC_OPTIMIZATION_LEVEL = 0;
				GCC_PREPROCESSOR_DEFINITIONS = (
					"DEBUG=1",
					"$(inherited)",
				);
				GCC_WARN_64_TO_32_BIT_CONVERSION = YES;
				GCC_WARN_ABOUT_RETURN_TYPE = YES_ERROR;
				GCC_WARN_UNDECLARED_SELECTOR = YES;
				GCC_WARN_UNINITIALIZED_AUTOS = YES_AGGRESSIVE;
				GCC_WARN_UNUSED_FUNCTION = YES;
				GCC_WARN_UNUSED_VARIABLE = YES;
				LOCALIZATION_PREFERS_STRING_CATALOGS = YES;
				MTL_ENABLE_DEBUG_INFO = INCLUDE_SOURCE;
				MTL_FAST_MATH = YES;
				ONLY_ACTIVE_ARCH = YES;
				SDKROOT = xros;
				SWIFT_ACTIVE_COMPILATION_CONDITIONS = "DEBUG $(inherited)";
				SWIFT_OPTIMIZATION_LEVEL = "-Onone";
				XROS_DEPLOYMENT_TARGET = 1.0;
			};
			name = Debug;
		};
		88F9505F2A8BD7D400CFB65E /* Release */ = {
			isa = XCBuildConfiguration;
			buildSettings = {
				ALWAYS_SEARCH_USER_PATHS = NO;
				ASSETCATALOG_COMPILER_GENERATE_SWIFT_ASSET_SYMBOL_EXTENSIONS = YES;
				CLANG_ANALYZER_NONNULL = YES;
				CLANG_ANALYZER_NUMBER_OBJECT_CONVERSION = YES_AGGRESSIVE;
				CLANG_CXX_LANGUAGE_STANDARD = "gnu++20";
				CLANG_ENABLE_MODULES = YES;
				CLANG_ENABLE_OBJC_ARC = YES;
				CLANG_ENABLE_OBJC_WEAK = YES;
				CLANG_WARN_BLOCK_CAPTURE_AUTORELEASING = YES;
				CLANG_WARN_BOOL_CONVERSION = YES;
				CLANG_WARN_COMMA = YES;
				CLANG_WARN_CONSTANT_CONVERSION = YES;
				CLANG_WARN_DEPRECATED_OBJC_IMPLEMENTATIONS = YES;
				CLANG_WARN_DIRECT_OBJC_ISA_USAGE = YES_ERROR;
				CLANG_WARN_DOCUMENTATION_COMMENTS = YES;
				CLANG_WARN_EMPTY_BODY = YES;
				CLANG_WARN_ENUM_CONVERSION = YES;
				CLANG_WARN_INFINITE_RECURSION = YES;
				CLANG_WARN_INT_CONVERSION = YES;
				CLANG_WARN_NON_LITERAL_NULL_CONVERSION = YES;
				CLANG_WARN_OBJC_IMPLICIT_RETAIN_SELF = YES;
				CLANG_WARN_OBJC_LITERAL_CONVERSION = YES;
				CLANG_WARN_OBJC_ROOT_CLASS = YES_ERROR;
				CLANG_WARN_QUOTED_INCLUDE_IN_FRAMEWORK_HEADER = YES;
				CLANG_WARN_RANGE_LOOP_ANALYSIS = YES;
				CLANG_WARN_STRICT_PROTOTYPES = YES;
				CLANG_WARN_SUSPICIOUS_MOVE = YES;
				CLANG_WARN_UNGUARDED_AVAILABILITY = YES_AGGRESSIVE;
				CLANG_WARN_UNREACHABLE_CODE = YES;
				CLANG_WARN__DUPLICATE_METHOD_MATCH = YES;
				COPY_PHASE_STRIP = NO;
				DEBUG_INFORMATION_FORMAT = "dwarf-with-dsym";
				ENABLE_NS_ASSERTIONS = NO;
				ENABLE_STRICT_OBJC_MSGSEND = YES;
				ENABLE_USER_SCRIPT_SANDBOXING = YES;
				GCC_C_LANGUAGE_STANDARD = gnu17;
				GCC_NO_COMMON_BLOCKS = YES;
				GCC_WARN_64_TO_32_BIT_CONVERSION = YES;
				GCC_WARN_ABOUT_RETURN_TYPE = YES_ERROR;
				GCC_WARN_UNDECLARED_SELECTOR = YES;
				GCC_WARN_UNINITIALIZED_AUTOS = YES_AGGRESSIVE;
				GCC_WARN_UNUSED_FUNCTION = YES;
				GCC_WARN_UNUSED_VARIABLE = YES;
				LOCALIZATION_PREFERS_STRING_CATALOGS = YES;
				MTL_ENABLE_DEBUG_INFO = NO;
				MTL_FAST_MATH = YES;
				SDKROOT = xros;
				SWIFT_COMPILATION_MODE = wholemodule;
				VALIDATE_PRODUCT = YES;
				XROS_DEPLOYMENT_TARGET = 1.0;
			};
			name = Release;
		};
		88F950612A8BD7D400CFB65E /* Debug */ = {
			isa = XCBuildConfiguration;
			buildSettings = {
				ASSETCATALOG_COMPILER_APPICON_NAME = AppIcon;
				ASSETCATALOG_COMPILER_GLOBAL_ACCENT_COLOR_NAME = AccentColor;
				CODE_SIGN_STYLE = Automatic;
				CURRENT_PROJECT_VERSION = 1;
				DEVELOPMENT_ASSET_PATHS = "\"SolarSystem/Preview Content\"";
				DEVELOPMENT_TEAM = 43222PSGBA;
				ENABLE_PREVIEWS = YES;
				GENERATE_INFOPLIST_FILE = YES;
				INFOPLIST_KEY_UIApplicationSceneManifest_Generation = YES;
				LD_RUNPATH_SEARCH_PATHS = (
					"$(inherited)",
					"@executable_path/Frameworks",
				);
				MARKETING_VERSION = 1.0;
				PRODUCT_BUNDLE_IDENTIFIER = com.aiosion.SolarSystem;
				PRODUCT_NAME = "$(TARGET_NAME)";
				SUPPORTED_PLATFORMS = "xros xrsimulator";
				SWIFT_EMIT_LOC_STRINGS = YES;
				SWIFT_VERSION = 5.0;
				TARGETED_DEVICE_FAMILY = "1,2,7";
			};
			name = Debug;
		};
		88F950622A8BD7D400CFB65E /* Release */ = {
			isa = XCBuildConfiguration;
			buildSettings = {
				ASSETCATALOG_COMPILER_APPICON_NAME = AppIcon;
				ASSETCATALOG_COMPILER_GLOBAL_ACCENT_COLOR_NAME = AccentColor;
				CODE_SIGN_STYLE = Automatic;
				CURRENT_PROJECT_VERSION = 1;
				DEVELOPMENT_ASSET_PATHS = "\"SolarSystem/Preview Content\"";
				DEVELOPMENT_TEAM = 43222PSGBA;
				ENABLE_PREVIEWS = YES;
				GENERATE_INFOPLIST_FILE = YES;
				INFOPLIST_KEY_UIApplicationSceneManifest_Generation = YES;
				LD_RUNPATH_SEARCH_PATHS = (
					"$(inherited)",
					"@executable_path/Frameworks",
				);
				MARKETING_VERSION = 1.0;
				PRODUCT_BUNDLE_IDENTIFIER = com.aiosion.SolarSystem;
				PRODUCT_NAME = "$(TARGET_NAME)";
				SUPPORTED_PLATFORMS = "xros xrsimulator";
				SWIFT_EMIT_LOC_STRINGS = YES;
				SWIFT_VERSION = 5.0;
				TARGETED_DEVICE_FAMILY = "1,2,7";
			};
			name = Release;
		};
		88F950642A8BD7D400CFB65E /* Debug */ = {
			isa = XCBuildConfiguration;
			buildSettings = {
				ALWAYS_EMBED_SWIFT_STANDARD_LIBRARIES = YES;
				BUNDLE_LOADER = "$(TEST_HOST)";
				CODE_SIGN_STYLE = Automatic;
				CURRENT_PROJECT_VERSION = 1;
				DEVELOPMENT_TEAM = 43222PSGBA;
				GENERATE_INFOPLIST_FILE = YES;
				MARKETING_VERSION = 1.0;
				PRODUCT_BUNDLE_IDENTIFIER = com.aiosion.SolarSystemTests;
				PRODUCT_NAME = "$(TARGET_NAME)";
				SUPPORTED_PLATFORMS = "xros xrsimulator";
				SWIFT_EMIT_LOC_STRINGS = NO;
				SWIFT_VERSION = 5.0;
				TARGETED_DEVICE_FAMILY = "1,2,7";
				TEST_HOST = "$(BUILT_PRODUCTS_DIR)/SolarSystem.app/$(BUNDLE_EXECUTABLE_FOLDER_PATH)/SolarSystem";
				XROS_DEPLOYMENT_TARGET = 1.0;
			};
			name = Debug;
		};
		88F950652A8BD7D400CFB65E /* Release */ = {
			isa = XCBuildConfiguration;
			buildSettings = {
				ALWAYS_EMBED_SWIFT_STANDARD_LIBRARIES = YES;
				BUNDLE_LOADER = "$(TEST_HOST)";
				CODE_SIGN_STYLE = Automatic;
				CURRENT_PROJECT_VERSION = 1;
				DEVELOPMENT_TEAM = 43222PSGBA;
				GENERATE_INFOPLIST_FILE = YES;
				MARKETING_VERSION = 1.0;
				PRODUCT_BUNDLE_IDENTIFIER = com.aiosion.SolarSystemTests;
				PRODUCT_NAME = "$(TARGET_NAME)";
				SUPPORTED_PLATFORMS = "xros xrsimulator";
				SWIFT_EMIT_LOC_STRINGS = NO;
				SWIFT_VERSION = 5.0;
				TARGETED_DEVICE_FAMILY = "1,2,7";
				TEST_HOST = "$(BUILT_PRODUCTS_DIR)/SolarSystem.app/$(BUNDLE_EXECUTABLE_FOLDER_PATH)/SolarSystem";
				XROS_DEPLOYMENT_TARGET = 1.0;
			};
			name = Release;
		};
/* End XCBuildConfiguration section */

/* Begin XCConfigurationList section */
		88F9503F2A8BD7D100CFB65E /* Build configuration list for PBXProject "SolarSystem" */ = {
			isa = XCConfigurationList;
			buildConfigurations = (
				88F9505E2A8BD7D400CFB65E /* Debug */,
				88F9505F2A8BD7D400CFB65E /* Release */,
			);
			defaultConfigurationIsVisible = 0;
			defaultConfigurationName = Release;
		};
		88F950602A8BD7D400CFB65E /* Build configuration list for PBXNativeTarget "SolarSystem" */ = {
			isa = XCConfigurationList;
			buildConfigurations = (
				88F950612A8BD7D400CFB65E /* Debug */,
				88F950622A8BD7D400CFB65E /* Release */,
			);
			defaultConfigurationIsVisible = 0;
			defaultConfigurationName = Release;
		};
		88F950632A8BD7D400CFB65E /* Build configuration list for PBXNativeTarget "SolarSystemTests" */ = {
			isa = XCConfigurationList;
			buildConfigurations = (
				88F950642A8BD7D400CFB65E /* Debug */,
				88F950652A8BD7D400CFB65E /* Release */,
			);
			defaultConfigurationIsVisible = 0;
			defaultConfigurationName = Release;
		};
/* End XCConfigurationList section */

/* Begin XCSwiftPackageProductDependency section */
		88F950492A8BD7D100CFB65E /* RealityKitContent */ = {
			isa = XCSwiftPackageProductDependency;
			productName = RealityKitContent;
		};
/* End XCSwiftPackageProductDependency section */
	};
	rootObject = 88F9503C2A8BD7D100CFB65E /* Project object */;
}
